
Microsoft Visual Studio Solution File, Format Version 12.00
# Visual Studio Version 17
VisualStudioVersion = 17.10.35122.118
MinimumVisualStudioVersion = 10.0.40219.1
Project("{9A19103F-16F7-4668-BE54-9A1E7A4F7556}") = "RegisShop", "RegisShop\RegisShop.csproj", "{55923E78-9147-4BFA-89E3-66C785043ABC}"
EndProject
Project("{9A19103F-16F7-4668-BE54-9A1E7A4F7556}") = "BethanysPieShopHRM.Shared", "..\..\..\Desktop\blazor-fundamentals\04\demos\Demos\BethanysPieShopHRM\BethanysPieShopHRM.Shared\BethanysPieShopHRM.Shared.csproj", "{B0CCC291-6546-407E-A8D8-5259D27865BF}"
EndProject
Global
	GlobalSection(SolutionConfigurationPlatforms) = preSolution
		Debug|Any CPU = Debug|Any CPU
		Release|Any CPU = Release|Any CPU
	EndGlobalSection
	GlobalSection(ProjectConfigurationPlatforms) = postSolution
		{55923E78-9147-4BFA-89E3-66C785043ABC}.Debug|Any CPU.ActiveCfg = Debug|Any CPU
		{55923E78-9147-4BFA-89E3-66C785043ABC}.Debug|Any CPU.Build.0 = Debug|Any CPU
		{55923E78-9147-4BFA-89E3-66C785043ABC}.Release|Any CPU.ActiveCfg = Release|Any CPU
		{55923E78-9147-4BFA-89E3-66C785043ABC}.Release|Any CPU.Build.0 = Release|Any CPU
		{B0CCC291-6546-407E-A8D8-5259D27865BF}.Debug|Any CPU.ActiveCfg = Debug|Any CPU
		{B0CCC291-6546-407E-A8D8-5259D27865BF}.Debug|Any CPU.Build.0 = Debug|Any CPU
		{B0CCC291-6546-407E-A8D8-5259D27865BF}.Release|Any CPU.ActiveCfg = Release|Any CPU
		{B0CCC291-6546-407E-A8D8-5259D27865BF}.Release|Any CPU.Build.0 = Release|Any CPU
	EndGlobalSection
	GlobalSection(SolutionProperties) = preSolution
		HideSolutionNode = FALSE
	EndGlobalSection
	GlobalSection(ExtensibilityGlobals) = postSolution
		SolutionGuid = {C7A87253-4290-4982-9F7F-6F7CCBE353DD}
	EndGlobalSection
EndGlobal
